
Microsoft Visual Studio Solution File, Format Version 12.00
# Visual Studio 2017
Project("{FAE04EC0-301F-11D3-BF4B-00C04F79EFBC}") = "3dProto", "3dProto.csproj", "{D93AF28A-6FE7-83CD-ED5A-84605DF7C5B4}"
EndProject
Project("{FAE04EC0-301F-11D3-BF4B-00C04F79EFBC}") = "3dProto.Editor", "3dProto.Editor.csproj", "{4CDEDC88-A03B-1E1B-41E4-20A7EB101F3D}"
EndProject
Global
	GlobalSection(SolutionConfigurationPlatforms) = preSolution
		Debug|Any CPU = Debug|Any CPU
		Release|Any CPU = Release|Any CPU
	EndGlobalSection
	GlobalSection(ProjectConfigurationPlatforms) = postSolution
		{D93AF28A-6FE7-83CD-ED5A-84605DF7C5B4}.Debug|Any CPU.ActiveCfg = Debug|Any CPU
		{D93AF28A-6FE7-83CD-ED5A-84605DF7C5B4}.Debug|Any CPU.Build.0 = Debug|Any CPU
		{D93AF28A-6FE7-83CD-ED5A-84605DF7C5B4}.Release|Any CPU.ActiveCfg = Release|Any CPU
		{D93AF28A-6FE7-83CD-ED5A-84605DF7C5B4}.Release|Any CPU.Build.0 = Release|Any CPU
		{4CDEDC88-A03B-1E1B-41E4-20A7EB101F3D}.Debug|Any CPU.ActiveCfg = Debug|Any CPU
		{4CDEDC88-A03B-1E1B-41E4-20A7EB101F3D}.Debug|Any CPU.Build.0 = Debug|Any CPU
		{4CDEDC88-A03B-1E1B-41E4-20A7EB101F3D}.Release|Any CPU.ActiveCfg = Release|Any CPU
		{4CDEDC88-A03B-1E1B-41E4-20A7EB101F3D}.Release|Any CPU.Build.0 = Release|Any CPU
	EndGlobalSection
	GlobalSection(SolutionProperties) = preSolution
		HideSolutionNode = FALSE
	EndGlobalSection
EndGlobal
